{
    "_meta": {
        "hash": {
            "sha256": "80495bef8f0008861ebad73a60b035ccd034a9ea37cd213418bc877bb5418c83"
        },
        "pipfile-spec": 6,
        "requires": {
            "python_version": "3.9"
        },
        "sources": [
            {
                "name": "pypi",
                "url": "https://pypi.org/simple",
                "verify_ssl": true
            }
        ]
    },
    "default": {
        "cvxopt": {
            "hashes": [
                "sha256:0b335bf18f7e42326105f9090e5bb7bbdecfce3c3b4c612ca4e538b00383e937",
                "sha256:0cd32bed5fec871d36d32f0a86c927e2837b9c60fc23b6f777108c3a95f248e5",
                "sha256:1e76dabd13377f6876073041beee67e4613879a1ac6a572a9254aafa8ca7f7fe",
                "sha256:2bac183859127ebc473b9bc66be17c0dbc8a3c8bd0939d460cfe6d141bc545db",
                "sha256:368caf7d2130670e6e48af0d611ae41713a98d7643f7d64a6aeabefad50e76c4",
                "sha256:3eb14814b7b79f765e107c50b0961e71d47a36a760ccf3f1fde2ca65d75a9f11",
                "sha256:5980abb9a7e43a072dfd95e7c542e43afc2cb487f11000e33be2854dafcf15fe",
                "sha256:5f2e9e308d931bd52f4dbb55073edebd03073e5f1627f82959da4b95321f89dd",
                "sha256:6ab795743b0e42529d015b889576783a1264e6056417f54870c42db191482065",
                "sha256:6e05d9f541368950bfb7b0ab1f648087397a60728fd4699fe29e90462931ac39",
                "sha256:7cd9f1c8404ed507257550f485b3394b1a38087da4ff70032dca964a73e138f3",
                "sha256:7db648536ecef417df42108b7b779891946a6cc791b74e843d23d846c5576d1a",
                "sha256:95b2cd31d57341279e98888479c71496529eade2eccf5582e671ce96ef575c38",
                "sha256:97f7624837bd2e072bd909d4c53155b13a427dac6e0c2ea3d5e471443c289489",
                "sha256:a4c433706fd0ad9d47e7f222773a7f7601766fb8e74b633524b3c3fce29aa73e",
                "sha256:b5b2288a467c0c3996899c10783c8d78878aeb01d43a66697e9993ff76ac5cae",
                "sha256:b7a9ee4d3ecdd0f2a190e935613073c15594b52f581e0327ba4e869277f793f7",
                "sha256:ba75971b78777ec10361de81a1feb6f27757b505054dbe3cfde5a4f19cccbe2e",
                "sha256:c420cf196c8d2733022f29e77ace46871b82f2f2a25edcb585a20c0c76bec02d",
                "sha256:c57d7d2347ba98432a2ed5af3169026db6d191274c49fccb5357a7cdfb410e5b",
                "sha256:d505932dfe734ff14ee0c3c04fc5618bb7cc744f59e0edfed4a8851deab8ee42",
                "sha256:edae9dafec8f52594ae6312b9ff811ad10d0504ca935e09aa66a309e6d7c2397",
                "sha256:f343ddd406caec05408d007e313022a073a7466c0356ac96e20256d0b542916b",
                "sha256:fa5568d4d64e4cc24da4094c0066c67308e805287a742ad298f122f0cad360ca",
                "sha256:fb1149e2764e5284b560434cbc5ee7e60199fc7eaf850d5ba26d02fbc24d4006",
                "sha256:fdeb3ce110708229ee4acbd4c894ffe031e2dafb2ba6469068fed0cc20671b89"
            ],
            "index": "pypi",
            "version": "==1.2.6"
        },
        "et-xmlfile": {
            "hashes": [
                "sha256:8eb9e2bc2f8c97e37a2dc85a09ecdcdec9d8a396530a6d5a33b30b9a92da0c5c",
                "sha256:a2ba85d1d6a74ef63837eed693bcb89c3f752169b0e3e7ae5b16ca5e1b3deada"
            ],
            "markers": "python_version >= '3.6'",
            "version": "==1.1.0"
        },
        "numpy": {
            "hashes": [
                "sha256:2428b109306075d89d21135bdd6b785f132a1f5a3260c371cee1fae427e12727",
                "sha256:377751954da04d4a6950191b20539066b4e19e3b559d4695399c5e8e3e683bf6",
                "sha256:4703b9e937df83f5b6b7447ca5912b5f5f297aba45f91dbbbc63ff9278c7aa98",
                "sha256:471c0571d0895c68da309dacee4e95a0811d0a9f9f532a48dc1bea5f3b7ad2b7",
                "sha256:61d5b4cf73622e4d0c6b83408a16631b670fc045afd6540679aa35591a17fe6d",
                "sha256:6c915ee7dba1071554e70a3664a839fbc033e1d6528199d4621eeaaa5487ccd2",
                "sha256:6e51e417d9ae2e7848314994e6fc3832c9d426abce9328cf7571eefceb43e6c9",
                "sha256:719656636c48be22c23641859ff2419b27b6bdf844b36a2447cb39caceb00935",
                "sha256:780ae5284cb770ade51d4b4a7dce4faa554eb1d88a56d0e8b9f35fca9b0270ff",
                "sha256:878922bf5ad7550aa044aa9301d417e2d3ae50f0f577de92051d739ac6096cee",
                "sha256:924dc3f83de20437de95a73516f36e09918e9c9c18d5eac520062c49191025fb",
                "sha256:97ce8b8ace7d3b9288d88177e66ee75480fb79b9cf745e91ecfe65d91a856042",
                "sha256:9c0fab855ae790ca74b27e55240fe4f2a36a364a3f1ebcfd1fb5ac4088f1cec3",
                "sha256:9cab23439eb1ebfed1aaec9cd42b7dc50fc96d5cd3147da348d9161f0501ada5",
                "sha256:a8e6859913ec8eeef3dbe9aed3bf475347642d1cdd6217c30f28dee8903528e6",
                "sha256:aa046527c04688af680217fffac61eec2350ef3f3d7320c07fd33f5c6e7b4d5f",
                "sha256:abc81829c4039e7e4c30f7897938fa5d4916a09c2c7eb9b244b7a35ddc9656f4",
                "sha256:bad70051de2c50b1a6259a6df1daaafe8c480ca98132da98976d8591c412e737",
                "sha256:c73a7975d77f15f7f68dacfb2bca3d3f479f158313642e8ea9058eea06637931",
                "sha256:d15007f857d6995db15195217afdbddfcd203dfaa0ba6878a2f580eaf810ecd6",
                "sha256:d76061ae5cab49b83a8cf3feacefc2053fac672728802ac137dd8c4123397677",
                "sha256:e8e4fbbb7e7634f263c5b0150a629342cc19b47c5eba8d1cd4363ab3455ab576",
                "sha256:e9459f40244bb02b2f14f6af0cd0732791d72232bbb0dc4bab57ef88e75f6935",
                "sha256:edb1f041a9146dcf02cd7df7187db46ab524b9af2515f392f337c7cbbf5b52cd"
            ],
            "markers": "python_version >= '3.7'",
            "version": "==1.20.2"
        },
        "openpyxl": {
            "hashes": [
                "sha256:46af4eaf201a89b610fcca177eed957635f88770a5462fb6aae4a2a52b0ff516",
                "sha256:6456a3b472e1ef0facb1129f3c6ef00713cebf62e736cd7a75bcc3247432f251"
            ],
            "index": "pypi",
            "version": "==3.0.7"
        },
        "pandas": {
            "hashes": [
                "sha256:167693a80abc8eb28051fbd184c1b7afd13ce2c727a5af47b048f1ea3afefff4",
                "sha256:2111c25e69fa9365ba80bbf4f959400054b2771ac5d041ed19415a8b488dc70a",
                "sha256:298f0553fd3ba8e002c4070a723a59cdb28eda579f3e243bc2ee397773f5398b",
                "sha256:2b063d41803b6a19703b845609c0b700913593de067b552a8b24dd8eeb8c9895",
                "sha256:2cb7e8f4f152f27dc93f30b5c7a98f6c748601ea65da359af734dd0cf3fa733f",
                "sha256:52d2472acbb8a56819a87aafdb8b5b6d2b3386e15c95bde56b281882529a7ded",
                "sha256:612add929bf3ba9d27b436cc8853f5acc337242d6b584203f207e364bb46cb12",
                "sha256:649ecab692fade3cbfcf967ff936496b0cfba0af00a55dfaacd82bdda5cb2279",
                "sha256:68d7baa80c74aaacbed597265ca2308f017859123231542ff8a5266d489e1858",
                "sha256:8d4c74177c26aadcfb4fd1de6c1c43c2bf822b3e0fc7a9b409eeaf84b3e92aaa",
                "sha256:971e2a414fce20cc5331fe791153513d076814d30a60cd7348466943e6e909e4",
                "sha256:9db70ffa8b280bb4de83f9739d514cd0735825e79eef3a61d312420b9f16b758",
                "sha256:b730add5267f873b3383c18cac4df2527ac4f0f0eed1c6cf37fcb437e25cf558",
                "sha256:bd659c11a4578af740782288cac141a322057a2e36920016e0fc7b25c5a4b686",
                "sha256:c601c6fdebc729df4438ec1f62275d6136a0dd14d332fc0e8ce3f7d2aadb4dd6",
                "sha256:d0877407359811f7b853b548a614aacd7dea83b0c0c84620a9a643f180060950"
            ],
            "index": "pypi",
            "version": "==1.2.4"
        },
        "python-dateutil": {
            "hashes": [
                "sha256:73ebfe9dbf22e832286dafa60473e4cd239f8592f699aa5adaf10050e6e1823c",
                "sha256:75bb3f31ea686f1197762692a9ee6a7550b59fc6ca3a1f4b5d7e32fb98e2da2a"
            ],
            "markers": "python_version >= '2.7' and python_version not in '3.0, 3.1, 3.2, 3.3'",
            "version": "==2.8.1"
        },
        "pytz": {
            "hashes": [
                "sha256:83a4a90894bf38e243cf052c8b58f381bfe9a7a483f6a9cab140bc7f702ac4da",
                "sha256:eb10ce3e7736052ed3623d49975ce333bcd712c7bb19a58b9e2089d4057d0798"
            ],
            "version": "==2021.1"
        },
        "six": {
            "hashes": [
                "sha256:30639c035cdb23534cd4aa2dd52c3bf48f06e5f4a941509c8bafd8ce11080259",
                "sha256:8b74bedcbbbaca38ff6d7491d76f2b06b3592611af620f8426e82dddb04a5ced"
            ],
            "markers": "python_version >= '2.7' and python_version not in '3.0, 3.1, 3.2, 3.3'",
            "version": "==1.15.0"
        },
        "xlrd": {
            "hashes": [
                "sha256:546eb36cee8db40c3eaa46c351e67ffee6eeb5fa2650b71bc4c758a29a1b29b2",
                "sha256:e551fb498759fa3a5384a94ccd4c3c02eb7c00ea424426e212ac0c57be9dfbde"
            ],
            "index": "pypi",
            "version": "==1.2.0"
        }
    },
    "develop": {}
}
